
Microsoft Visual Studio Solution File, Format Version 12.00
# Visual Studio Version 17
VisualStudioVersion = 17.7.34031.279
MinimumVisualStudioVersion = 10.0.40219.1
Project("{8BC9CEB8-8B4A-11D0-8D11-00A0C91BC942}") = "pbinfo 4251", "pbinfo 4251\pbinfo 4251.vcxproj", "{BE8C6F58-8E77-45DF-A25F-55F6A116D886}"
EndProject
Global
	GlobalSection(SolutionConfigurationPlatforms) = preSolution
		Debug|x64 = Debug|x64
		Debug|x86 = Debug|x86
		Release|x64 = Release|x64
		Release|x86 = Release|x86
	EndGlobalSection
	GlobalSection(ProjectConfigurationPlatforms) = postSolution
		{BE8C6F58-8E77-45DF-A25F-55F6A116D886}.Debug|x64.ActiveCfg = Debug|x64
		{BE8C6F58-8E77-45DF-A25F-55F6A116D886}.Debug|x64.Build.0 = Debug|x64
		{BE8C6F58-8E77-45DF-A25F-55F6A116D886}.Debug|x86.ActiveCfg = Debug|Win32
		{BE8C6F58-8E77-45DF-A25F-55F6A116D886}.Debug|x86.Build.0 = Debug|Win32
		{BE8C6F58-8E77-45DF-A25F-55F6A116D886}.Release|x64.ActiveCfg = Release|x64
		{BE8C6F58-8E77-45DF-A25F-55F6A116D886}.Release|x64.Build.0 = Release|x64
		{BE8C6F58-8E77-45DF-A25F-55F6A116D886}.Release|x86.ActiveCfg = Release|Win32
		{BE8C6F58-8E77-45DF-A25F-55F6A116D886}.Release|x86.Build.0 = Release|Win32
	EndGlobalSection
	GlobalSection(SolutionProperties) = preSolution
		HideSolutionNode = FALSE
	EndGlobalSection
	GlobalSection(ExtensibilityGlobals) = postSolution
		SolutionGuid = {B5FDEEA3-9319-4A1C-8AF3-8E4B74AA6925}
	EndGlobalSection
EndGlobal
