
Microsoft Visual Studio Solution File, Format Version 12.00
# Visual Studio Version 17
VisualStudioVersion = 17.7.34031.279
MinimumVisualStudioVersion = 10.0.40219.1
Project("{8BC9CEB8-8B4A-11D0-8D11-00A0C91BC942}") = "varena quixi", "varena quixi\varena quixi.vcxproj", "{1F45FEF5-148E-4659-8869-950558321016}"
EndProject
Global
	GlobalSection(SolutionConfigurationPlatforms) = preSolution
		Debug|x64 = Debug|x64
		Debug|x86 = Debug|x86
		Release|x64 = Release|x64
		Release|x86 = Release|x86
	EndGlobalSection
	GlobalSection(ProjectConfigurationPlatforms) = postSolution
		{1F45FEF5-148E-4659-8869-950558321016}.Debug|x64.ActiveCfg = Debug|x64
		{1F45FEF5-148E-4659-8869-950558321016}.Debug|x64.Build.0 = Debug|x64
		{1F45FEF5-148E-4659-8869-950558321016}.Debug|x86.ActiveCfg = Debug|Win32
		{1F45FEF5-148E-4659-8869-950558321016}.Debug|x86.Build.0 = Debug|Win32
		{1F45FEF5-148E-4659-8869-950558321016}.Release|x64.ActiveCfg = Release|x64
		{1F45FEF5-148E-4659-8869-950558321016}.Release|x64.Build.0 = Release|x64
		{1F45FEF5-148E-4659-8869-950558321016}.Release|x86.ActiveCfg = Release|Win32
		{1F45FEF5-148E-4659-8869-950558321016}.Release|x86.Build.0 = Release|Win32
	EndGlobalSection
	GlobalSection(SolutionProperties) = preSolution
		HideSolutionNode = FALSE
	EndGlobalSection
	GlobalSection(ExtensibilityGlobals) = postSolution
		SolutionGuid = {27999C73-438A-4A6E-913D-E5FAF21463C1}
	EndGlobalSection
EndGlobal
