
Microsoft Visual Studio Solution File, Format Version 12.00
# Visual Studio Version 17
VisualStudioVersion = 17.7.34031.279
MinimumVisualStudioVersion = 10.0.40219.1
Project("{8BC9CEB8-8B4A-11D0-8D11-00A0C91BC942}") = "spoj Help the old King", "spoj Help the old King\spoj Help the old King.vcxproj", "{9B6FF692-5EC5-4348-96E2-9639EEC632DC}"
EndProject
Global
	GlobalSection(SolutionConfigurationPlatforms) = preSolution
		Debug|x64 = Debug|x64
		Debug|x86 = Debug|x86
		Release|x64 = Release|x64
		Release|x86 = Release|x86
	EndGlobalSection
	GlobalSection(ProjectConfigurationPlatforms) = postSolution
		{9B6FF692-5EC5-4348-96E2-9639EEC632DC}.Debug|x64.ActiveCfg = Debug|x64
		{9B6FF692-5EC5-4348-96E2-9639EEC632DC}.Debug|x64.Build.0 = Debug|x64
		{9B6FF692-5EC5-4348-96E2-9639EEC632DC}.Debug|x86.ActiveCfg = Debug|Win32
		{9B6FF692-5EC5-4348-96E2-9639EEC632DC}.Debug|x86.Build.0 = Debug|Win32
		{9B6FF692-5EC5-4348-96E2-9639EEC632DC}.Release|x64.ActiveCfg = Release|x64
		{9B6FF692-5EC5-4348-96E2-9639EEC632DC}.Release|x64.Build.0 = Release|x64
		{9B6FF692-5EC5-4348-96E2-9639EEC632DC}.Release|x86.ActiveCfg = Release|Win32
		{9B6FF692-5EC5-4348-96E2-9639EEC632DC}.Release|x86.Build.0 = Release|Win32
	EndGlobalSection
	GlobalSection(SolutionProperties) = preSolution
		HideSolutionNode = FALSE
	EndGlobalSection
	GlobalSection(ExtensibilityGlobals) = postSolution
		SolutionGuid = {98C1FEDB-4533-44F9-BFA6-7B0E52A9BC13}
	EndGlobalSection
EndGlobal
