
Microsoft Visual Studio Solution File, Format Version 12.00
# Visual Studio Version 17
VisualStudioVersion = 17.7.34031.279
MinimumVisualStudioVersion = 10.0.40219.1
Project("{8BC9CEB8-8B4A-11D0-8D11-00A0C91BC942}") = "pbinfo 690", "pbinfo 690\pbinfo 690.vcxproj", "{AE5B77AD-F3DF-43DC-9193-8B2D265C1B60}"
EndProject
Global
	GlobalSection(SolutionConfigurationPlatforms) = preSolution
		Debug|x64 = Debug|x64
		Debug|x86 = Debug|x86
		Release|x64 = Release|x64
		Release|x86 = Release|x86
	EndGlobalSection
	GlobalSection(ProjectConfigurationPlatforms) = postSolution
		{AE5B77AD-F3DF-43DC-9193-8B2D265C1B60}.Debug|x64.ActiveCfg = Debug|x64
		{AE5B77AD-F3DF-43DC-9193-8B2D265C1B60}.Debug|x64.Build.0 = Debug|x64
		{AE5B77AD-F3DF-43DC-9193-8B2D265C1B60}.Debug|x86.ActiveCfg = Debug|Win32
		{AE5B77AD-F3DF-43DC-9193-8B2D265C1B60}.Debug|x86.Build.0 = Debug|Win32
		{AE5B77AD-F3DF-43DC-9193-8B2D265C1B60}.Release|x64.ActiveCfg = Release|x64
		{AE5B77AD-F3DF-43DC-9193-8B2D265C1B60}.Release|x64.Build.0 = Release|x64
		{AE5B77AD-F3DF-43DC-9193-8B2D265C1B60}.Release|x86.ActiveCfg = Release|Win32
		{AE5B77AD-F3DF-43DC-9193-8B2D265C1B60}.Release|x86.Build.0 = Release|Win32
	EndGlobalSection
	GlobalSection(SolutionProperties) = preSolution
		HideSolutionNode = FALSE
	EndGlobalSection
	GlobalSection(ExtensibilityGlobals) = postSolution
		SolutionGuid = {AA022620-BE11-43D8-952C-EE4692124B03}
	EndGlobalSection
EndGlobal
