
Microsoft Visual Studio Solution File, Format Version 12.00
# Visual Studio Version 17
VisualStudioVersion = 17.7.34031.279
MinimumVisualStudioVersion = 10.0.40219.1
Project("{8BC9CEB8-8B4A-11D0-8D11-00A0C91BC942}") = "codeforces B. Collecting Game", "codeforces B. Collecting Game\codeforces B. Collecting Game.vcxproj", "{5A7CF042-94DB-47DB-93DB-E97EB9325A38}"
EndProject
Global
	GlobalSection(SolutionConfigurationPlatforms) = preSolution
		Debug|x64 = Debug|x64
		Debug|x86 = Debug|x86
		Release|x64 = Release|x64
		Release|x86 = Release|x86
	EndGlobalSection
	GlobalSection(ProjectConfigurationPlatforms) = postSolution
		{5A7CF042-94DB-47DB-93DB-E97EB9325A38}.Debug|x64.ActiveCfg = Debug|x64
		{5A7CF042-94DB-47DB-93DB-E97EB9325A38}.Debug|x64.Build.0 = Debug|x64
		{5A7CF042-94DB-47DB-93DB-E97EB9325A38}.Debug|x86.ActiveCfg = Debug|Win32
		{5A7CF042-94DB-47DB-93DB-E97EB9325A38}.Debug|x86.Build.0 = Debug|Win32
		{5A7CF042-94DB-47DB-93DB-E97EB9325A38}.Release|x64.ActiveCfg = Release|x64
		{5A7CF042-94DB-47DB-93DB-E97EB9325A38}.Release|x64.Build.0 = Release|x64
		{5A7CF042-94DB-47DB-93DB-E97EB9325A38}.Release|x86.ActiveCfg = Release|Win32
		{5A7CF042-94DB-47DB-93DB-E97EB9325A38}.Release|x86.Build.0 = Release|Win32
	EndGlobalSection
	GlobalSection(SolutionProperties) = preSolution
		HideSolutionNode = FALSE
	EndGlobalSection
	GlobalSection(ExtensibilityGlobals) = postSolution
		SolutionGuid = {FEC2FA36-DDB4-456D-A28A-7AA4627E566C}
	EndGlobalSection
EndGlobal
