
Microsoft Visual Studio Solution File, Format Version 12.00
# Visual Studio Version 17
VisualStudioVersion = 17.7.34031.279
MinimumVisualStudioVersion = 10.0.40219.1
Project("{8BC9CEB8-8B4A-11D0-8D11-00A0C91BC942}") = "pbinfo 1350", "pbinfo 1350\pbinfo 1350.vcxproj", "{ECD0A75A-9A6D-45D9-966F-039641FF17C9}"
EndProject
Global
	GlobalSection(SolutionConfigurationPlatforms) = preSolution
		Debug|x64 = Debug|x64
		Debug|x86 = Debug|x86
		Release|x64 = Release|x64
		Release|x86 = Release|x86
	EndGlobalSection
	GlobalSection(ProjectConfigurationPlatforms) = postSolution
		{ECD0A75A-9A6D-45D9-966F-039641FF17C9}.Debug|x64.ActiveCfg = Debug|x64
		{ECD0A75A-9A6D-45D9-966F-039641FF17C9}.Debug|x64.Build.0 = Debug|x64
		{ECD0A75A-9A6D-45D9-966F-039641FF17C9}.Debug|x86.ActiveCfg = Debug|Win32
		{ECD0A75A-9A6D-45D9-966F-039641FF17C9}.Debug|x86.Build.0 = Debug|Win32
		{ECD0A75A-9A6D-45D9-966F-039641FF17C9}.Release|x64.ActiveCfg = Release|x64
		{ECD0A75A-9A6D-45D9-966F-039641FF17C9}.Release|x64.Build.0 = Release|x64
		{ECD0A75A-9A6D-45D9-966F-039641FF17C9}.Release|x86.ActiveCfg = Release|Win32
		{ECD0A75A-9A6D-45D9-966F-039641FF17C9}.Release|x86.Build.0 = Release|Win32
	EndGlobalSection
	GlobalSection(SolutionProperties) = preSolution
		HideSolutionNode = FALSE
	EndGlobalSection
	GlobalSection(ExtensibilityGlobals) = postSolution
		SolutionGuid = {5121BC0E-3E5C-4590-8A39-83FACA8E430C}
	EndGlobalSection
EndGlobal
