
Microsoft Visual Studio Solution File, Format Version 12.00
# Visual Studio Version 17
VisualStudioVersion = 17.7.34031.279
MinimumVisualStudioVersion = 10.0.40219.1
Project("{8BC9CEB8-8B4A-11D0-8D11-00A0C91BC942}") = "kilonova 1260", "kilonova 1260\kilonova 1260.vcxproj", "{DB47D5DD-4C61-41EA-9F4F-CB9AF0C06C35}"
EndProject
Global
	GlobalSection(SolutionConfigurationPlatforms) = preSolution
		Debug|x64 = Debug|x64
		Debug|x86 = Debug|x86
		Release|x64 = Release|x64
		Release|x86 = Release|x86
	EndGlobalSection
	GlobalSection(ProjectConfigurationPlatforms) = postSolution
		{DB47D5DD-4C61-41EA-9F4F-CB9AF0C06C35}.Debug|x64.ActiveCfg = Debug|x64
		{DB47D5DD-4C61-41EA-9F4F-CB9AF0C06C35}.Debug|x64.Build.0 = Debug|x64
		{DB47D5DD-4C61-41EA-9F4F-CB9AF0C06C35}.Debug|x86.ActiveCfg = Debug|Win32
		{DB47D5DD-4C61-41EA-9F4F-CB9AF0C06C35}.Debug|x86.Build.0 = Debug|Win32
		{DB47D5DD-4C61-41EA-9F4F-CB9AF0C06C35}.Release|x64.ActiveCfg = Release|x64
		{DB47D5DD-4C61-41EA-9F4F-CB9AF0C06C35}.Release|x64.Build.0 = Release|x64
		{DB47D5DD-4C61-41EA-9F4F-CB9AF0C06C35}.Release|x86.ActiveCfg = Release|Win32
		{DB47D5DD-4C61-41EA-9F4F-CB9AF0C06C35}.Release|x86.Build.0 = Release|Win32
	EndGlobalSection
	GlobalSection(SolutionProperties) = preSolution
		HideSolutionNode = FALSE
	EndGlobalSection
	GlobalSection(ExtensibilityGlobals) = postSolution
		SolutionGuid = {4EFA2303-3A24-4F3B-8490-2C600D6F4005}
	EndGlobalSection
EndGlobal
