
Microsoft Visual Studio Solution File, Format Version 12.00
# Visual Studio Version 17
VisualStudioVersion = 17.7.34031.279
MinimumVisualStudioVersion = 10.0.40219.1
Project("{8BC9CEB8-8B4A-11D0-8D11-00A0C91BC942}") = "pbinfo 1104", "pbinfo 1104\pbinfo 1104.vcxproj", "{7C94BF1B-D2D8-48D7-ADC4-0074718B0AC4}"
EndProject
Global
	GlobalSection(SolutionConfigurationPlatforms) = preSolution
		Debug|x64 = Debug|x64
		Debug|x86 = Debug|x86
		Release|x64 = Release|x64
		Release|x86 = Release|x86
	EndGlobalSection
	GlobalSection(ProjectConfigurationPlatforms) = postSolution
		{7C94BF1B-D2D8-48D7-ADC4-0074718B0AC4}.Debug|x64.ActiveCfg = Debug|x64
		{7C94BF1B-D2D8-48D7-ADC4-0074718B0AC4}.Debug|x64.Build.0 = Debug|x64
		{7C94BF1B-D2D8-48D7-ADC4-0074718B0AC4}.Debug|x86.ActiveCfg = Debug|Win32
		{7C94BF1B-D2D8-48D7-ADC4-0074718B0AC4}.Debug|x86.Build.0 = Debug|Win32
		{7C94BF1B-D2D8-48D7-ADC4-0074718B0AC4}.Release|x64.ActiveCfg = Release|x64
		{7C94BF1B-D2D8-48D7-ADC4-0074718B0AC4}.Release|x64.Build.0 = Release|x64
		{7C94BF1B-D2D8-48D7-ADC4-0074718B0AC4}.Release|x86.ActiveCfg = Release|Win32
		{7C94BF1B-D2D8-48D7-ADC4-0074718B0AC4}.Release|x86.Build.0 = Release|Win32
	EndGlobalSection
	GlobalSection(SolutionProperties) = preSolution
		HideSolutionNode = FALSE
	EndGlobalSection
	GlobalSection(ExtensibilityGlobals) = postSolution
		SolutionGuid = {94E2C574-4A9D-41D3-8C12-0920AC27D738}
	EndGlobalSection
EndGlobal
