
Microsoft Visual Studio Solution File, Format Version 12.00
# Visual Studio Version 17
VisualStudioVersion = 17.7.34031.279
MinimumVisualStudioVersion = 10.0.40219.1
Project("{8BC9CEB8-8B4A-11D0-8D11-00A0C91BC942}") = "pbinfo 1034", "pbinfo 1034\pbinfo 1034.vcxproj", "{A925D0A4-4D3F-472D-B49D-7F8AC40D389F}"
EndProject
Global
	GlobalSection(SolutionConfigurationPlatforms) = preSolution
		Debug|x64 = Debug|x64
		Debug|x86 = Debug|x86
		Release|x64 = Release|x64
		Release|x86 = Release|x86
	EndGlobalSection
	GlobalSection(ProjectConfigurationPlatforms) = postSolution
		{A925D0A4-4D3F-472D-B49D-7F8AC40D389F}.Debug|x64.ActiveCfg = Debug|x64
		{A925D0A4-4D3F-472D-B49D-7F8AC40D389F}.Debug|x64.Build.0 = Debug|x64
		{A925D0A4-4D3F-472D-B49D-7F8AC40D389F}.Debug|x86.ActiveCfg = Debug|Win32
		{A925D0A4-4D3F-472D-B49D-7F8AC40D389F}.Debug|x86.Build.0 = Debug|Win32
		{A925D0A4-4D3F-472D-B49D-7F8AC40D389F}.Release|x64.ActiveCfg = Release|x64
		{A925D0A4-4D3F-472D-B49D-7F8AC40D389F}.Release|x64.Build.0 = Release|x64
		{A925D0A4-4D3F-472D-B49D-7F8AC40D389F}.Release|x86.ActiveCfg = Release|Win32
		{A925D0A4-4D3F-472D-B49D-7F8AC40D389F}.Release|x86.Build.0 = Release|Win32
	EndGlobalSection
	GlobalSection(SolutionProperties) = preSolution
		HideSolutionNode = FALSE
	EndGlobalSection
	GlobalSection(ExtensibilityGlobals) = postSolution
		SolutionGuid = {7442FE60-56B7-441B-80C9-57054F2C2993}
	EndGlobalSection
EndGlobal
