
Microsoft Visual Studio Solution File, Format Version 12.00
# Visual Studio Version 17
VisualStudioVersion = 17.7.34031.279
MinimumVisualStudioVersion = 10.0.40219.1
Project("{8BC9CEB8-8B4A-11D0-8D11-00A0C91BC942}") = "pbinfo 1610", "pbinfo 1610\pbinfo 1610.vcxproj", "{A36015C6-7AF0-4AF3-9FE6-E6361E6F8DA5}"
EndProject
Global
	GlobalSection(SolutionConfigurationPlatforms) = preSolution
		Debug|x64 = Debug|x64
		Debug|x86 = Debug|x86
		Release|x64 = Release|x64
		Release|x86 = Release|x86
	EndGlobalSection
	GlobalSection(ProjectConfigurationPlatforms) = postSolution
		{A36015C6-7AF0-4AF3-9FE6-E6361E6F8DA5}.Debug|x64.ActiveCfg = Debug|x64
		{A36015C6-7AF0-4AF3-9FE6-E6361E6F8DA5}.Debug|x64.Build.0 = Debug|x64
		{A36015C6-7AF0-4AF3-9FE6-E6361E6F8DA5}.Debug|x86.ActiveCfg = Debug|Win32
		{A36015C6-7AF0-4AF3-9FE6-E6361E6F8DA5}.Debug|x86.Build.0 = Debug|Win32
		{A36015C6-7AF0-4AF3-9FE6-E6361E6F8DA5}.Release|x64.ActiveCfg = Release|x64
		{A36015C6-7AF0-4AF3-9FE6-E6361E6F8DA5}.Release|x64.Build.0 = Release|x64
		{A36015C6-7AF0-4AF3-9FE6-E6361E6F8DA5}.Release|x86.ActiveCfg = Release|Win32
		{A36015C6-7AF0-4AF3-9FE6-E6361E6F8DA5}.Release|x86.Build.0 = Release|Win32
	EndGlobalSection
	GlobalSection(SolutionProperties) = preSolution
		HideSolutionNode = FALSE
	EndGlobalSection
	GlobalSection(ExtensibilityGlobals) = postSolution
		SolutionGuid = {C647F766-C01C-4064-8AC9-CF06D231ACBE}
	EndGlobalSection
EndGlobal
