
Microsoft Visual Studio Solution File, Format Version 12.00
# Visual Studio Version 17
VisualStudioVersion = 17.7.34031.279
MinimumVisualStudioVersion = 10.0.40219.1
Project("{8BC9CEB8-8B4A-11D0-8D11-00A0C91BC942}") = "1097", "1097\1097.vcxproj", "{9D9D2DE3-1CD4-437C-8786-8DFBFCB256CB}"
EndProject
Global
	GlobalSection(SolutionConfigurationPlatforms) = preSolution
		Debug|x64 = Debug|x64
		Debug|x86 = Debug|x86
		Release|x64 = Release|x64
		Release|x86 = Release|x86
	EndGlobalSection
	GlobalSection(ProjectConfigurationPlatforms) = postSolution
		{9D9D2DE3-1CD4-437C-8786-8DFBFCB256CB}.Debug|x64.ActiveCfg = Debug|x64
		{9D9D2DE3-1CD4-437C-8786-8DFBFCB256CB}.Debug|x64.Build.0 = Debug|x64
		{9D9D2DE3-1CD4-437C-8786-8DFBFCB256CB}.Debug|x86.ActiveCfg = Debug|Win32
		{9D9D2DE3-1CD4-437C-8786-8DFBFCB256CB}.Debug|x86.Build.0 = Debug|Win32
		{9D9D2DE3-1CD4-437C-8786-8DFBFCB256CB}.Release|x64.ActiveCfg = Release|x64
		{9D9D2DE3-1CD4-437C-8786-8DFBFCB256CB}.Release|x64.Build.0 = Release|x64
		{9D9D2DE3-1CD4-437C-8786-8DFBFCB256CB}.Release|x86.ActiveCfg = Release|Win32
		{9D9D2DE3-1CD4-437C-8786-8DFBFCB256CB}.Release|x86.Build.0 = Release|Win32
	EndGlobalSection
	GlobalSection(SolutionProperties) = preSolution
		HideSolutionNode = FALSE
	EndGlobalSection
	GlobalSection(ExtensibilityGlobals) = postSolution
		SolutionGuid = {81104A71-E6E9-4C92-A4CE-1D4EF160E470}
	EndGlobalSection
EndGlobal
